// !$*UTF8*$!
{
	archiveVersion = 1;
	classes = {
	};
	objectVersion = 50;
	objects = {

/* Begin PBXBuildFile section */
		AA50410424B177E200DF94F9 /* AppDelegate.swift in Sources */ = {isa = PBXBuildFile; fileRef = AA50410324B177E200DF94F9 /* AppDelegate.swift */; };
		AA50410624B177E200DF94F9 /* SceneDelegate.swift in Sources */ = {isa = PBXBuildFile; fileRef = AA50410524B177E200DF94F9 /* SceneDelegate.swift */; };
		AA50410824B177E200DF94F9 /* ContentView.swift in Sources */ = {isa = PBXBuildFile; fileRef = AA50410724B177E200DF94F9 /* ContentView.swift */; };
		AA50410A24B177EB00DF94F9 /* Assets.xcassets in Resources */ = {isa = PBXBuildFile; fileRef = AA50410924B177EB00DF94F9 /* Assets.xcassets */; };
		AA50410D24B177EB00DF94F9 /* Preview Assets.xcassets in Resources */ = {isa = PBXBuildFile; fileRef = AA50410C24B177EB00DF94F9 /* Preview Assets.xcassets */; };
		AA50411024B177EB00DF94F9 /* LaunchScreen.storyboard in Resources */ = {isa = PBXBuildFile; fileRef = AA50410E24B177EB00DF94F9 /* LaunchScreen.storyboard */; };
		AA50411B24B177EB00DF94F9 /* FaceDetectorTests.swift in Sources */ = {isa = PBXBuildFile; fileRef = AA50411A24B177EB00DF94F9 /* FaceDetectorTests.swift */; };
		AA50412624B177EC00DF94F9 /* FaceDetectorUITests.swift in Sources */ = {isa = PBXBuildFile; fileRef = AA50412524B177EC00DF94F9 /* FaceDetectorUITests.swift */; };
/* End PBXBuildFile section */

/* Begin PBXContainerItemProxy section */
		AA50411724B177EB00DF94F9 /* PBXContainerItemProxy */ = {
			isa = PBXContainerItemProxy;
			containerPortal = AA5040F824B177E200DF94F9 /* Project object */;
			proxyType = 1;
			remoteGlobalIDString = AA5040FF24B177E200DF94F9;
			remoteInfo = FaceDetector;
		};
		AA50412224B177EC00DF94F9 /* PBXContainerItemProxy */ = {
			isa = PBXContainerItemProxy;
			containerPortal = AA5040F824B177E200DF94F9 /* Project object */;
			proxyType = 1;
			remoteGlobalIDString = AA5040FF24B177E200DF94F9;
			remoteInfo = FaceDetector;
		};
/* End PBXContainerItemProxy section */

/* Begin PBXFileReference section */
		AA50410024B177E200DF94F9 /* FaceDetector.app */ = {isa = PBXFileReference; explicitFileType = wrapper.application; includeInIndex = 0; path = FaceDetector.app; sourceTree = BUILT_PRODUCTS_DIR; };
		AA50410324B177E200DF94F9 /* AppDelegate.swift */ = {isa = PBXFileReference; lastKnownFileType = sourcecode.swift; path = AppDelegate.swift; sourceTree = "<group>"; };
		AA50410524B177E200DF94F9 /* SceneDelegate.swift */ = {isa = PBXFileReference; lastKnownFileType = sourcecode.swift; path = SceneDelegate.swift; sourceTree = "<group>"; };
		AA50410724B177E200DF94F9 /* ContentView.swift */ = {isa = PBXFileReference; lastKnownFileType = sourcecode.swift; path = ContentView.swift; sourceTree = "<group>"; };
		AA50410924B177EB00DF94F9 /* Assets.xcassets */ = {isa = PBXFileReference; lastKnownFileType = folder.assetcatalog; path = Assets.xcassets; sourceTree = "<group>"; };
		AA50410C24B177EB00DF94F9 /* Preview Assets.xcassets */ = {isa = PBXFileReference; lastKnownFileType = folder.assetcatalog; path = "Preview Assets.xcassets"; sourceTree = "<group>"; };
		AA50410F24B177EB00DF94F9 /* Base */ = {isa = PBXFileReference; lastKnownFileType = file.storyboard; name = Base; path = Base.lproj/LaunchScreen.storyboard; sourceTree = "<group>"; };
		AA50411124B177EB00DF94F9 /* Info.plist */ = {isa = PBXFileReference; lastKnownFileType = text.plist.xml; path = Info.plist; sourceTree = "<group>"; };
		AA50411624B177EB00DF94F9 /* FaceDetectorTests.xctest */ = {isa = PBXFileReference; explicitFileType = wrapper.cfbundle; includeInIndex = 0; path = FaceDetectorTests.xctest; sourceTree = BUILT_PRODUCTS_DIR; };
		AA50411A24B177EB00DF94F9 /* FaceDetectorTests.swift */ = {isa = PBXFileReference; lastKnownFileType = sourcecode.swift; path = FaceDetectorTests.swift; sourceTree = "<group>"; };
		AA50411C24B177EC00DF94F9 /* Info.plist */ = {isa = PBXFileReference; lastKnownFileType = text.plist.xml; path = Info.plist; sourceTree = "<group>"; };
		AA50412124B177EC00DF94F9 /* FaceDetectorUITests.xctest */ = {isa = PBXFileReference; explicitFileType = wrapper.cfbundle; includeInIndex = 0; path = FaceDetectorUITests.xctest; sourceTree = BUILT_PRODUCTS_DIR; };
		AA50412524B177EC00DF94F9 /* FaceDetectorUITests.swift */ = {isa = PBXFileReference; lastKnownFileType = sourcecode.swift; path = FaceDetectorUITests.swift; sourceTree = "<group>"; };
		AA50412724B177EC00DF94F9 /* Info.plist */ = {isa = PBXFileReference; lastKnownFileType = text.plist.xml; path = Info.plist; sourceTree = "<group>"; };
/* End PBXFileReference section */

/* Begin PBXFrameworksBuildPhase section */
		AA5040FD24B177E200DF94F9 /* Frameworks */ = {
			isa = PBXFrameworksBuildPhase;
			buildActionMask = 2147483647;
			files = (
			);
			runOnlyForDeploymentPostprocessing = 0;
		};
		AA50411324B177EB00DF94F9 /* Frameworks */ = {
			isa = PBXFrameworksBuildPhase;
			buildActionMask = 2147483647;
			files = (
			);
			runOnlyForDeploymentPostprocessing = 0;
		};
		AA50411E24B177EC00DF94F9 /* Frameworks */ = {
			isa = PBXFrameworksBuildPhase;
			buildActionMask = 2147483647;
			files = (
			);
			runOnlyForDeploymentPostprocessing = 0;
		};
/* End PBXFrameworksBuildPhase section */

/* Begin PBXGroup section */
		AA5040F724B177E200DF94F9 = {
			isa = PBXGroup;
			children = (
				AA50410224B177E200DF94F9 /* FaceDetector */,
				AA50411924B177EB00DF94F9 /* FaceDetectorTests */,
				AA50412424B177EC00DF94F9 /* FaceDetectorUITests */,
				AA50410124B177E200DF94F9 /* Products */,
			);
			sourceTree = "<group>";
		};
		AA50410124B177E200DF94F9 /* Products */ = {
			isa = PBXGroup;
			children = (
				AA50410024B177E200DF94F9 /* FaceDetector.app */,
				AA50411624B177EB00DF94F9 /* FaceDetectorTests.xctest */,
				AA50412124B177EC00DF94F9 /* FaceDetectorUITests.xctest */,
			);
			name = Products;
			sourceTree = "<group>";
		};
		AA50410224B177E200DF94F9 /* FaceDetector */ = {
			isa = PBXGroup;
			children = (
				AA50410324B177E200DF94F9 /* AppDelegate.swift */,
				AA50410524B177E200DF94F9 /* SceneDelegate.swift */,
				AA50410724B177E200DF94F9 /* ContentView.swift */,
				AA50410924B177EB00DF94F9 /* Assets.xcassets */,
				AA50410E24B177EB00DF94F9 /* LaunchScreen.storyboard */,
				AA50411124B177EB00DF94F9 /* Info.plist */,
				AA50410B24B177EB00DF94F9 /* Preview Content */,
			);
			path = FaceDetector;
			sourceTree = "<group>";
		};
		AA50410B24B177EB00DF94F9 /* Preview Content */ = {
			isa = PBXGroup;
			children = (
				AA50410C24B177EB00DF94F9 /* Preview Assets.xcassets */,
			);
			path = "Preview Content";
			sourceTree = "<group>";
		};
		AA50411924B177EB00DF94F9 /* FaceDetectorTests */ = {
			isa = PBXGroup;
			children = (
				AA50411A24B177EB00DF94F9 /* FaceDetectorTests.swift */,
				AA50411C24B177EC00DF94F9 /* Info.plist */,
			);
			path = FaceDetectorTests;
			sourceTree = "<group>";
		};
		AA50412424B177EC00DF94F9 /* FaceDetectorUITests */ = {
			isa = PBXGroup;
			children = (
				AA50412524B177EC00DF94F9 /* FaceDetectorUITests.swift */,
				AA50412724B177EC00DF94F9 /* Info.plist */,
			);
			path = FaceDetectorUITests;
			sourceTree = "<group>";
		};
/* End PBXGroup section */

/* Begin PBXNativeTarget section */
		AA5040FF24B177E200DF94F9 /* FaceDetector */ = {
			isa = PBXNativeTarget;
			buildConfigurationList = AA50412A24B177EC00DF94F9 /* Build configuration list for PBXNativeTarget "FaceDetector" */;
			buildPhases = (
				AA5040FC24B177E200DF94F9 /* Sources */,
				AA5040FD24B177E200DF94F9 /* Frameworks */,
				AA5040FE24B177E200DF94F9 /* Resources */,
			);
			buildRules = (
			);
			dependencies = (
			);
			name = FaceDetector;
			productName = FaceDetector;
			productReference = AA50410024B177E200DF94F9 /* FaceDetector.app */;
			productType = "com.apple.product-type.application";
		};
		AA50411524B177EB00DF94F9 /* FaceDetectorTests */ = {
			isa = PBXNativeTarget;
			buildConfigurationList = AA50412D24B177EC00DF94F9 /* Build configuration list for PBXNativeTarget "FaceDetectorTests" */;
			buildPhases = (
				AA50411224B177EB00DF94F9 /* Sources */,
				AA50411324B177EB00DF94F9 /* Frameworks */,
				AA50411424B177EB00DF94F9 /* Resources */,
			);
			buildRules = (
			);
			dependencies = (
				AA50411824B177EB00DF94F9 /* PBXTargetDependency */,
			);
			name = FaceDetectorTests;
			productName = FaceDetectorTests;
			productReference = AA50411624B177EB00DF94F9 /* FaceDetectorTests.xctest */;
			productType = "com.apple.product-type.bundle.unit-test";
		};
		AA50412024B177EC00DF94F9 /* FaceDetectorUITests */ = {
			isa = PBXNativeTarget;
			buildConfigurationList = AA50413024B177EC00DF94F9 /* Build configuration list for PBXNativeTarget "FaceDetectorUITests" */;
			buildPhases = (
				AA50411D24B177EC00DF94F9 /* Sources */,
				AA50411E24B177EC00DF94F9 /* Frameworks */,
				AA50411F24B177EC00DF94F9 /* Resources */,
			);
			buildRules = (
			);
			dependencies = (
				AA50412324B177EC00DF94F9 /* PBXTargetDependency */,
			);
			name = FaceDetectorUITests;
			productName = FaceDetectorUITests;
			productReference = AA50412124B177EC00DF94F9 /* FaceDetectorUITests.xctest */;
			productType = "com.apple.product-type.bundle.ui-testing";
		};
/* End PBXNativeTarget section */

/* Begin PBXProject section */
		AA5040F824B177E200DF94F9 /* Project object */ = {
			isa = PBXProject;
			attributes = {
				LastSwiftUpdateCheck = 1150;
				LastUpgradeCheck = 1150;
				ORGANIZATIONNAME = Christian;
				TargetAttributes = {
					AA5040FF24B177E200DF94F9 = {
						CreatedOnToolsVersion = 11.5;
					};
					AA50411524B177EB00DF94F9 = {
						CreatedOnToolsVersion = 11.5;
						TestTargetID = AA5040FF24B177E200DF94F9;
					};
					AA50412024B177EC00DF94F9 = {
						CreatedOnToolsVersion = 11.5;
						TestTargetID = AA5040FF24B177E200DF94F9;
					};
				};
			};
			buildConfigurationList = AA5040FB24B177E200DF94F9 /* Build configuration list for PBXProject "FaceDetector" */;
			compatibilityVersion = "Xcode 9.3";
			developmentRegion = en;
			hasScannedForEncodings = 0;
			knownRegions = (
				en,
				Base,
			);
			mainGroup = AA5040F724B177E200DF94F9;
			productRefGroup = AA50410124B177E200DF94F9 /* Products */;
			projectDirPath = "";
			projectRoot = "";
			targets = (
				AA5040FF24B177E200DF94F9 /* FaceDetector */,
				AA50411524B177EB00DF94F9 /* FaceDetectorTests */,
				AA50412024B177EC00DF94F9 /* FaceDetectorUITests */,
			);
		};
/* End PBXProject section */

/* Begin PBXResourcesBuildPhase section */
		AA5040FE24B177E200DF94F9 /* Resources */ = {
			isa = PBXResourcesBuildPhase;
			buildActionMask = 2147483647;
			files = (
				AA50411024B177EB00DF94F9 /* LaunchScreen.storyboard in Resources */,
				AA50410D24B177EB00DF94F9 /* Preview Assets.xcassets in Resources */,
				AA50410A24B177EB00DF94F9 /* Assets.xcassets in Resources */,
			);
			runOnlyForDeploymentPostprocessing = 0;
		};
		AA50411424B177EB00DF94F9 /* Resources */ = {
			isa = PBXResourcesBuildPhase;
			buildActionMask = 2147483647;
			files = (
			);
			runOnlyForDeploymentPostprocessing = 0;
		};
		AA50411F24B177EC00DF94F9 /* Resources */ = {
			isa = PBXResourcesBuildPhase;
			buildActionMask = 2147483647;
			files = (
			);
			runOnlyForDeploymentPostprocessing = 0;
		};
/* End PBXResourcesBuildPhase section */

/* Begin PBXSourcesBuildPhase section */
		AA5040FC24B177E200DF94F9 /* Sources */ = {
			isa = PBXSourcesBuildPhase;
			buildActionMask = 2147483647;
			files = (
				AA50410424B177E200DF94F9 /* AppDelegate.swift in Sources */,
				AA50410624B177E200DF94F9 /* SceneDelegate.swift in Sources */,
				AA50410824B177E200DF94F9 /* ContentView.swift in Sources */,
			);
			runOnlyForDeploymentPostprocessing = 0;
		};
		AA50411224B177EB00DF94F9 /* Sources */ = {
			isa = PBXSourcesBuildPhase;
			buildActionMask = 2147483647;
			files = (
				AA50411B24B177EB00DF94F9 /* FaceDetectorTests.swift in Sources */,
			);
			runOnlyForDeploymentPostprocessing = 0;
		};
		AA50411D24B177EC00DF94F9 /* Sources */ = {
			isa = PBXSourcesBuildPhase;
			buildActionMask = 2147483647;
			files = (
				AA50412624B177EC00DF94F9 /* FaceDetectorUITests.swift in Sources */,
			);
			runOnlyForDeploymentPostprocessing = 0;
		};
/* End PBXSourcesBuildPhase section */

/* Begin PBXTargetDependency section */
		AA50411824B177EB00DF94F9 /* PBXTargetDependency */ = {
			isa = PBXTargetDependency;
			target = AA5040FF24B177E200DF94F9 /* FaceDetector */;
			targetProxy = AA50411724B177EB00DF94F9 /* PBXContainerItemProxy */;
		};
		AA50412324B177EC00DF94F9 /* PBXTargetDependency */ = {
			isa = PBXTargetDependency;
			target = AA5040FF24B177E200DF94F9 /* FaceDetector */;
			targetProxy = AA50412224B177EC00DF94F9 /* PBXContainerItemProxy */;
		};
/* End PBXTargetDependency section */

/* Begin PBXVariantGroup section */
		AA50410E24B177EB00DF94F9 /* LaunchScreen.storyboard */ = {
			isa = PBXVariantGroup;
			children = (
				AA50410F24B177EB00DF94F9 /* Base */,
			);
			name = LaunchScreen.storyboard;
			sourceTree = "<group>";
		};
/* End PBXVariantGroup section */

/* Begin XCBuildConfiguration section */
		AA50412824B177EC00DF94F9 /* Debug */ = {
			isa = XCBuildConfiguration;
			buildSettings = {
				ALWAYS_SEARCH_USER_PATHS = NO;
				CLANG_ANALYZER_NONNULL = YES;
				CLANG_ANALYZER_NUMBER_OBJECT_CONVERSION = YES_AGGRESSIVE;
				CLANG_CXX_LANGUAGE_STANDARD = "gnu++14";
				CLANG_CXX_LIBRARY = "libc++";
				CLANG_ENABLE_MODULES = YES;
				CLANG_ENABLE_OBJC_ARC = YES;
				CLANG_ENABLE_OBJC_WEAK = YES;
				CLANG_WARN_BLOCK_CAPTURE_AUTORELEASING = YES;
				CLANG_WARN_BOOL_CONVERSION = YES;
				CLANG_WARN_COMMA = YES;
				CLANG_WARN_CONSTANT_CONVERSION = YES;
				CLANG_WARN_DEPRECATED_OBJC_IMPLEMENTATIONS = YES;
				CLANG_WARN_DIRECT_OBJC_ISA_USAGE = YES_ERROR;
				CLANG_WARN_DOCUMENTATION_COMMENTS = YES;
				CLANG_WARN_EMPTY_BODY = YES;
				CLANG_WARN_ENUM_CONVERSION = YES;
				CLANG_WARN_INFINITE_RECURSION = YES;
				CLANG_WARN_INT_CONVERSION = YES;
				CLANG_WARN_NON_LITERAL_NULL_CONVERSION = YES;
				CLANG_WARN_OBJC_IMPLICIT_RETAIN_SELF = YES;
				CLANG_WARN_OBJC_LITERAL_CONVERSION = YES;
				CLANG_WARN_OBJC_ROOT_CLASS = YES_ERROR;
				CLANG_WARN_RANGE_LOOP_ANALYSIS = YES;
				CLANG_WARN_STRICT_PROTOTYPES = YES;
				CLANG_WARN_SUSPICIOUS_MOVE = YES;
				CLANG_WARN_UNGUARDED_AVAILABILITY = YES_AGGRESSIVE;
				CLANG_WARN_UNREACHABLE_CODE = YES;
				CLANG_WARN__DUPLICATE_METHOD_MATCH = YES;
				COPY_PHASE_STRIP = NO;
				DEBUG_INFORMATION_FORMAT = dwarf;
				ENABLE_STRICT_OBJC_MSGSEND = YES;
				ENABLE_TESTABILITY = YES;
				GCC_C_LANGUAGE_STANDARD = gnu11;
				GCC_DYNAMIC_NO_PIC = NO;
				GCC_NO_COMMON_BLOCKS = YES;
				GCC_OPTIMIZATION_LEVEL = 0;
				GCC_PREPROCESSOR_DEFINITIONS = (
					"DEBUG=1",
					"$(inherited)",
				);
				GCC_WARN_64_TO_32_BIT_CONVERSION = YES;
				GCC_WARN_ABOUT_RETURN_TYPE = YES_ERROR;
				GCC_WARN_UNDECLARED_SELECTOR = YES;
				GCC_WARN_UNINITIALIZED_AUTOS = YES_AGGRESSIVE;
				GCC_WARN_UNUSED_FUNCTION = YES;
				GCC_WARN_UNUSED_VARIABLE = YES;
				IPHONEOS_DEPLOYMENT_TARGET = 13.5;
				MTL_ENABLE_DEBUG_INFO = INCLUDE_SOURCE;
				MTL_FAST_MATH = YES;
				ONLY_ACTIVE_ARCH = YES;
				SDKROOT = iphoneos;
				SWIFT_ACTIVE_COMPILATION_CONDITIONS = DEBUG;
				SWIFT_OPTIMIZATION_LEVEL = "-Onone";
			};
			name = Debug;
		};
		AA50412924B177EC00DF94F9 /* Release */ = {
			isa = XCBuildConfiguration;
			buildSettings = {
				ALWAYS_SEARCH_USER_PATHS = NO;
				CLANG_ANALYZER_NONNULL = YES;
				CLANG_ANALYZER_NUMBER_OBJECT_CONVERSION = YES_AGGRESSIVE;
				CLANG_CXX_LANGUAGE_STANDARD = "gnu++14";
				CLANG_CXX_LIBRARY = "libc++";
				CLANG_ENABLE_MODULES = YES;
				CLANG_ENABLE_OBJC_ARC = YES;
				CLANG_ENABLE_OBJC_WEAK = YES;
				CLANG_WARN_BLOCK_CAPTURE_AUTORELEASING = YES;
				CLANG_WARN_BOOL_CONVERSION = YES;
				CLANG_WARN_COMMA = YES;
				CLANG_WARN_CONSTANT_CONVERSION = YES;
				CLANG_WARN_DEPRECATED_OBJC_IMPLEMENTATIONS = YES;
				CLANG_WARN_DIRECT_OBJC_ISA_USAGE = YES_ERROR;
				CLANG_WARN_DOCUMENTATION_COMMENTS = YES;
				CLANG_WARN_EMPTY_BODY = YES;
				CLANG_WARN_ENUM_CONVERSION = YES;
				CLANG_WARN_INFINITE_RECURSION = YES;
				CLANG_WARN_INT_CONVERSION = YES;
				CLANG_WARN_NON_LITERAL_NULL_CONVERSION = YES;
				CLANG_WARN_OBJC_IMPLICIT_RETAIN_SELF = YES;
				CLANG_WARN_OBJC_LITERAL_CONVERSION = YES;
				CLANG_WARN_OBJC_ROOT_CLASS = YES_ERROR;
				CLANG_WARN_RANGE_LOOP_ANALYSIS = YES;
				CLANG_WARN_STRICT_PROTOTYPES = YES;
				CLANG_WARN_SUSPICIOUS_MOVE = YES;
				CLANG_WARN_UNGUARDED_AVAILABILITY = YES_AGGRESSIVE;
				CLANG_WARN_UNREACHABLE_CODE = YES;
				CLANG_WARN__DUPLICATE_METHOD_MATCH = YES;
				COPY_PHASE_STRIP = NO;
				DEBUG_INFORMATION_FORMAT = "dwarf-with-dsym";
				ENABLE_NS_ASSERTIONS = NO;
				ENABLE_STRICT_OBJC_MSGSEND = YES;
				GCC_C_LANGUAGE_STANDARD = gnu11;
				GCC_NO_COMMON_BLOCKS = YES;
				GCC_WARN_64_TO_32_BIT_CONVERSION = YES;
				GCC_WARN_ABOUT_RETURN_TYPE = YES_ERROR;
				GCC_WARN_UNDECLARED_SELECTOR = YES;
				GCC_WARN_UNINITIALIZED_AUTOS = YES_AGGRESSIVE;
				GCC_WARN_UNUSED_FUNCTION = YES;
				GCC_WARN_UNUSED_VARIABLE = YES;
				IPHONEOS_DEPLOYMENT_TARGET = 13.5;
				MTL_ENABLE_DEBUG_INFO = NO;
				MTL_FAST_MATH = YES;
				SDKROOT = iphoneos;
				SWIFT_COMPILATION_MODE = wholemodule;
				SWIFT_OPTIMIZATION_LEVEL = "-O";
				VALIDATE_PRODUCT = YES;
			};
			name = Release;
		};
		AA50412B24B177EC00DF94F9 /* Debug */ = {
			isa = XCBuildConfiguration;
			buildSettings = {
				ASSETCATALOG_COMPILER_APPICON_NAME = AppIcon;
				CODE_SIGN_STYLE = Automatic;
				DEVELOPMENT_ASSET_PATHS = "\"FaceDetector/Preview Content\"";
				DEVELOPMENT_TEAM = 6M4XP68Z6V;
				ENABLE_PREVIEWS = YES;
				INFOPLIST_FILE = FaceDetector/Info.plist;
				LD_RUNPATH_SEARCH_PATHS = (
					"$(inherited)",
					"@executable_path/Frameworks",
				);
				PRODUCT_BUNDLE_IDENTIFIER = BJLin.FaceDetector;
				PRODUCT_NAME = "$(TARGET_NAME)";
				SWIFT_VERSION = 5.0;
				TARGETED_DEVICE_FAMILY = "1,2";
			};
			name = Debug;
		};
		AA50412C24B177EC00DF94F9 /* Release */ = {
			isa = XCBuildConfiguration;
			buildSettings = {
				ASSETCATALOG_COMPILER_APPICON_NAME = AppIcon;
				CODE_SIGN_STYLE = Automatic;
				DEVELOPMENT_ASSET_PATHS = "\"FaceDetector/Preview Content\"";
				DEVELOPMENT_TEAM = 6M4XP68Z6V;
				ENABLE_PREVIEWS = YES;
				INFOPLIST_FILE = FaceDetector/Info.plist;
				LD_RUNPATH_SEARCH_PATHS = (
					"$(inherited)",
					"@executable_path/Frameworks",
				);
				PRODUCT_BUNDLE_IDENTIFIER = BJLin.FaceDetector;
				PRODUCT_NAME = "$(TARGET_NAME)";
				SWIFT_VERSION = 5.0;
				TARGETED_DEVICE_FAMILY = "1,2";
			};
			name = Release;
		};
		AA50412E24B177EC00DF94F9 /* Debug */ = {
			isa = XCBuildConfiguration;
			buildSettings = {
				ALWAYS_EMBED_SWIFT_STANDARD_LIBRARIES = YES;
				BUNDLE_LOADER = "$(TEST_HOST)";
				CODE_SIGN_STYLE = Automatic;
				DEVELOPMENT_TEAM = 6M4XP68Z6V;
				INFOPLIST_FILE = FaceDetectorTests/Info.plist;
				IPHONEOS_DEPLOYMENT_TARGET = 13.5;
				LD_RUNPATH_SEARCH_PATHS = (
					"$(inherited)",
					"@executable_path/Frameworks",
					"@loader_path/Frameworks",
				);
				PRODUCT_BUNDLE_IDENTIFIER = BJLin.FaceDetectorTests;
				PRODUCT_NAME = "$(TARGET_NAME)";
				SWIFT_VERSION = 5.0;
				TARGETED_DEVICE_FAMILY = "1,2";
				TEST_HOST = "$(BUILT_PRODUCTS_DIR)/FaceDetector.app/FaceDetector";
			};
			name = Debug;
		};
		AA50412F24B177EC00DF94F9 /* Release */ = {
			isa = XCBuildConfiguration;
			buildSettings = {
				ALWAYS_EMBED_SWIFT_STANDARD_LIBRARIES = YES;
				BUNDLE_LOADER = "$(TEST_HOST)";
				CODE_SIGN_STYLE = Automatic;
				DEVELOPMENT_TEAM = 6M4XP68Z6V;
				INFOPLIST_FILE = FaceDetectorTests/Info.plist;
				IPHONEOS_DEPLOYMENT_TARGET = 13.5;
				LD_RUNPATH_SEARCH_PATHS = (
					"$(inherited)",
					"@executable_path/Frameworks",
					"@loader_path/Frameworks",
				);
				PRODUCT_BUNDLE_IDENTIFIER = BJLin.FaceDetectorTests;
				PRODUCT_NAME = "$(TARGET_NAME)";
				SWIFT_VERSION = 5.0;
				TARGETED_DEVICE_FAMILY = "1,2";
				TEST_HOST = "$(BUILT_PRODUCTS_DIR)/FaceDetector.app/FaceDetector";
			};
			name = Release;
		};
		AA50413124B177EC00DF94F9 /* Debug */ = {
			isa = XCBuildConfiguration;
			buildSettings = {
				ALWAYS_EMBED_SWIFT_STANDARD_LIBRARIES = YES;
				CODE_SIGN_STYLE = Automatic;
				DEVELOPMENT_TEAM = 6M4XP68Z6V;
				INFOPLIST_FILE = FaceDetectorUITests/Info.plist;
				LD_RUNPATH_SEARCH_PATHS = (
					"$(inherited)",
					"@executable_path/Frameworks",
					"@loader_path/Frameworks",
				);
				PRODUCT_BUNDLE_IDENTIFIER = BJLin.FaceDetectorUITests;
				PRODUCT_NAME = "$(TARGET_NAME)";
				SWIFT_VERSION = 5.0;
				TARGETED_DEVICE_FAMILY = "1,2";
				TEST_TARGET_NAME = FaceDetector;
			};
			name = Debug;
		};
		AA50413224B177EC00DF94F9 /* Release */ = {
			isa = XCBuildConfiguration;
			buildSettings = {
				ALWAYS_EMBED_SWIFT_STANDARD_LIBRARIES = YES;
				CODE_SIGN_STYLE = Automatic;
				DEVELOPMENT_TEAM = 6M4XP68Z6V;
				INFOPLIST_FILE = FaceDetectorUITests/Info.plist;
				LD_RUNPATH_SEARCH_PATHS = (
					"$(inherited)",
					"@executable_path/Frameworks",
					"@loader_path/Frameworks",
				);
				PRODUCT_BUNDLE_IDENTIFIER = BJLin.FaceDetectorUITests;
				PRODUCT_NAME = "$(TARGET_NAME)";
				SWIFT_VERSION = 5.0;
				TARGETED_DEVICE_FAMILY = "1,2";
				TEST_TARGET_NAME = FaceDetector;
			};
			name = Release;
		};
/* End XCBuildConfiguration section */

/* Begin XCConfigurationList section */
		AA5040FB24B177E200DF94F9 /* Build configuration list for PBXProject "FaceDetector" */ = {
			isa = XCConfigurationList;
			buildConfigurations = (
				AA50412824B177EC00DF94F9 /* Debug */,
				AA50412924B177EC00DF94F9 /* Release */,
			);
			defaultConfigurationIsVisible = 0;
			defaultConfigurationName = Release;
		};
		AA50412A24B177EC00DF94F9 /* Build configuration list for PBXNativeTarget "FaceDetector" */ = {
			isa = XCConfigurationList;
			buildConfigurations = (
				AA50412B24B177EC00DF94F9 /* Debug */,
				AA50412C24B177EC00DF94F9 /* Release */,
			);
			defaultConfigurationIsVisible = 0;
			defaultConfigurationName = Release;
		};
		AA50412D24B177EC00DF94F9 /* Build configuration list for PBXNativeTarget "FaceDetectorTests" */ = {
			isa = XCConfigurationList;
			buildConfigurations = (
				AA50412E24B177EC00DF94F9 /* Debug */,
				AA50412F24B177EC00DF94F9 /* Release */,
			);
			defaultConfigurationIsVisible = 0;
			defaultConfigurationName = Release;
		};
		AA50413024B177EC00DF94F9 /* Build configuration list for PBXNativeTarget "FaceDetectorUITests" */ = {
			isa = XCConfigurationList;
			buildConfigurations = (
				AA50413124B177EC00DF94F9 /* Debug */,
				AA50413224B177EC00DF94F9 /* Release */,
			);
			defaultConfigurationIsVisible = 0;
			defaultConfigurationName = Release;
		};
/* End XCConfigurationList section */
	};
	rootObject = AA5040F824B177E200DF94F9 /* Project object */;
}
